// !$*UTF8*$!
{
	archiveVersion = 1;
	classes = {
	};
	objectVersion = 46;
	objects = {

/* Begin PBXBuildFile section */
		240AF1E22235366D00B258C1 /* MSItunesTableViewController+MSNetworkable.swift in Sources */ = {isa = PBXBuildFile; fileRef = 240AF1E12235366D00B258C1 /* MSItunesTableViewController+MSNetworkable.swift */; };
		240AF1E42235378D00B258C1 /* MSLastfmTableViewController+MSNetworkable.swift in Sources */ = {isa = PBXBuildFile; fileRef = 240AF1E32235378D00B258C1 /* MSLastfmTableViewController+MSNetworkable.swift */; };
		24AC3AB622340A5B00A40045 /* MSNetworkAnalyzer.swift in Sources */ = {isa = PBXBuildFile; fileRef = 24AC3AB522340A5B00A40045 /* MSNetworkAnalyzer.swift */; };
		24AC3AB822340B3A00A40045 /* MSNetworkStatusResponse.swift in Sources */ = {isa = PBXBuildFile; fileRef = 24AC3AB722340B3A00A40045 /* MSNetworkStatusResponse.swift */; };
		24AC3ABC22341A3300A40045 /* MSTrack.swift in Sources */ = {isa = PBXBuildFile; fileRef = 24AC3ABB22341A3300A40045 /* MSTrack.swift */; };
		24FE503E223154A200E14D0C /* AppDelegate.swift in Sources */ = {isa = PBXBuildFile; fileRef = 24FE503D223154A200E14D0C /* AppDelegate.swift */; };
		24FE5040223154A200E14D0C /* MSMainViewController.swift in Sources */ = {isa = PBXBuildFile; fileRef = 24FE503F223154A200E14D0C /* MSMainViewController.swift */; };
		24FE5043223154A300E14D0C /* Main.storyboard in Resources */ = {isa = PBXBuildFile; fileRef = 24FE5041223154A200E14D0C /* Main.storyboard */; };
		24FE5045223154A300E14D0C /* Assets.xcassets in Resources */ = {isa = PBXBuildFile; fileRef = 24FE5044223154A300E14D0C /* Assets.xcassets */; };
		24FE5048223154A300E14D0C /* LaunchScreen.storyboard in Resources */ = {isa = PBXBuildFile; fileRef = 24FE5046223154A300E14D0C /* LaunchScreen.storyboard */; };
		24FE5056223186A900E14D0C /* MSItunesTableViewCell.swift in Sources */ = {isa = PBXBuildFile; fileRef = 24FE5055223186A900E14D0C /* MSItunesTableViewCell.swift */; };
		24FE5058223186C200E14D0C /* MSLastfmTableViewCell.swift in Sources */ = {isa = PBXBuildFile; fileRef = 24FE5057223186C200E14D0C /* MSLastfmTableViewCell.swift */; };
		24FE505A2231964100E14D0C /* MSItunesTableViewController.swift in Sources */ = {isa = PBXBuildFile; fileRef = 24FE50592231964100E14D0C /* MSItunesTableViewController.swift */; };
		24FE505E2231970400E14D0C /* MSLastfmTableViewController.swift in Sources */ = {isa = PBXBuildFile; fileRef = 24FE505D2231970400E14D0C /* MSLastfmTableViewController.swift */; };
		24FE50632231BDA400E14D0C /* MSNetworkConstant.swift in Sources */ = {isa = PBXBuildFile; fileRef = 24FE50622231BDA400E14D0C /* MSNetworkConstant.swift */; };
		24FE50672231C5AB00E14D0C /* MSViewController+UISearchBarDelegate.swift in Sources */ = {isa = PBXBuildFile; fileRef = 24FE50662231C5AB00E14D0C /* MSViewController+UISearchBarDelegate.swift */; };
		24FE50692231C79600E14D0C /* MSNetwork.swift in Sources */ = {isa = PBXBuildFile; fileRef = 24FE50682231C79600E14D0C /* MSNetwork.swift */; };
		24FE506C2231D6E200E14D0C /* MSNetworkable.swift in Sources */ = {isa = PBXBuildFile; fileRef = 24FE506B2231D6E200E14D0C /* MSNetworkable.swift */; };
/* End PBXBuildFile section */

/* Begin PBXFileReference section */
		240AF1E12235366D00B258C1 /* MSItunesTableViewController+MSNetworkable.swift */ = {isa = PBXFileReference; fileEncoding = 4; lastKnownFileType = sourcecode.swift; path = "MSItunesTableViewController+MSNetworkable.swift"; sourceTree = "<group>"; };
		240AF1E32235378D00B258C1 /* MSLastfmTableViewController+MSNetworkable.swift */ = {isa = PBXFileReference; fileEncoding = 4; lastKnownFileType = sourcecode.swift; path = "MSLastfmTableViewController+MSNetworkable.swift"; sourceTree = "<group>"; };
		24AC3AB522340A5B00A40045 /* MSNetworkAnalyzer.swift */ = {isa = PBXFileReference; fileEncoding = 4; lastKnownFileType = sourcecode.swift; path = MSNetworkAnalyzer.swift; sourceTree = "<group>"; };
		24AC3AB722340B3A00A40045 /* MSNetworkStatusResponse.swift */ = {isa = PBXFileReference; fileEncoding = 4; lastKnownFileType = sourcecode.swift; path = MSNetworkStatusResponse.swift; sourceTree = "<group>"; };
		24AC3ABB22341A3300A40045 /* MSTrack.swift */ = {isa = PBXFileReference; fileEncoding = 4; lastKnownFileType = sourcecode.swift; path = MSTrack.swift; sourceTree = "<group>"; };
		24FE503A223154A200E14D0C /* MusicSearcher.app */ = {isa = PBXFileReference; explicitFileType = wrapper.application; includeInIndex = 0; path = MusicSearcher.app; sourceTree = BUILT_PRODUCTS_DIR; };
		24FE503D223154A200E14D0C /* AppDelegate.swift */ = {isa = PBXFileReference; lastKnownFileType = sourcecode.swift; path = AppDelegate.swift; sourceTree = "<group>"; };
		24FE503F223154A200E14D0C /* MSMainViewController.swift */ = {isa = PBXFileReference; lastKnownFileType = sourcecode.swift; path = MSMainViewController.swift; sourceTree = "<group>"; };
		24FE5042223154A300E14D0C /* Base */ = {isa = PBXFileReference; lastKnownFileType = file.storyboard; name = Base; path = Base.lproj/Main.storyboard; sourceTree = "<group>"; };
		24FE5044223154A300E14D0C /* Assets.xcassets */ = {isa = PBXFileReference; lastKnownFileType = folder.assetcatalog; path = Assets.xcassets; sourceTree = "<group>"; };
		24FE5047223154A300E14D0C /* Base */ = {isa = PBXFileReference; lastKnownFileType = file.storyboard; name = Base; path = Base.lproj/LaunchScreen.storyboard; sourceTree = "<group>"; };
		24FE5049223154A300E14D0C /* Info.plist */ = {isa = PBXFileReference; lastKnownFileType = text.plist.xml; path = Info.plist; sourceTree = "<group>"; };
		24FE5055223186A900E14D0C /* MSItunesTableViewCell.swift */ = {isa = PBXFileReference; fileEncoding = 4; lastKnownFileType = sourcecode.swift; path = MSItunesTableViewCell.swift; sourceTree = "<group>"; };
		24FE5057223186C200E14D0C /* MSLastfmTableViewCell.swift */ = {isa = PBXFileReference; fileEncoding = 4; lastKnownFileType = sourcecode.swift; path = MSLastfmTableViewCell.swift; sourceTree = "<group>"; };
		24FE50592231964100E14D0C /* MSItunesTableViewController.swift */ = {isa = PBXFileReference; fileEncoding = 4; lastKnownFileType = sourcecode.swift; path = MSItunesTableViewController.swift; sourceTree = "<group>"; };
		24FE505D2231970400E14D0C /* MSLastfmTableViewController.swift */ = {isa = PBXFileReference; fileEncoding = 4; lastKnownFileType = sourcecode.swift; path = MSLastfmTableViewController.swift; sourceTree = "<group>"; };
		24FE50622231BDA400E14D0C /* MSNetworkConstant.swift */ = {isa = PBXFileReference; fileEncoding = 4; lastKnownFileType = sourcecode.swift; path = MSNetworkConstant.swift; sourceTree = "<group>"; };
		24FE50662231C5AB00E14D0C /* MSViewController+UISearchBarDelegate.swift */ = {isa = PBXFileReference; fileEncoding = 4; lastKnownFileType = sourcecode.swift; path = "MSViewController+UISearchBarDelegate.swift"; sourceTree = "<group>"; };
		24FE50682231C79600E14D0C /* MSNetwork.swift */ = {isa = PBXFileReference; fileEncoding = 4; lastKnownFileType = sourcecode.swift; path = MSNetwork.swift; sourceTree = "<group>"; };
		24FE506B2231D6E200E14D0C /* MSNetworkable.swift */ = {isa = PBXFileReference; fileEncoding = 4; lastKnownFileType = sourcecode.swift; path = MSNetworkable.swift; sourceTree = "<group>"; };
/* End PBXFileReference section */

/* Begin PBXFrameworksBuildPhase section */
		24FE5037223154A100E14D0C /* Frameworks */ = {
			isa = PBXFrameworksBuildPhase;
			buildActionMask = 2147483647;
			files = (
			);
			runOnlyForDeploymentPostprocessing = 0;
		};
/* End PBXFrameworksBuildPhase section */

/* Begin PBXGroup section */
		24AC3ABD22341A3A00A40045 /* Models */ = {
			isa = PBXGroup;
			children = (
				24AC3ABB22341A3300A40045 /* MSTrack.swift */,
			);
			name = Models;
			sourceTree = "<group>";
		};
		24AC3ABE22341A5D00A40045 /* Views */ = {
			isa = PBXGroup;
			children = (
				24FE5057223186C200E14D0C /* MSLastfmTableViewCell.swift */,
				24FE5055223186A900E14D0C /* MSItunesTableViewCell.swift */,
			);
			name = Views;
			sourceTree = "<group>";
		};
		24AC3ABF22341A7300A40045 /* ViewControllers */ = {
			isa = PBXGroup;
			children = (
				24FE50592231964100E14D0C /* MSItunesTableViewController.swift */,
				24FE505D2231970400E14D0C /* MSLastfmTableViewController.swift */,
				24FE503F223154A200E14D0C /* MSMainViewController.swift */,
			);
			name = ViewControllers;
			sourceTree = "<group>";
		};
		24FE5031223154A100E14D0C = {
			isa = PBXGroup;
			children = (
				24FE503C223154A200E14D0C /* MusicSearcher */,
				24FE503B223154A200E14D0C /* Products */,
			);
			sourceTree = "<group>";
		};
		24FE503B223154A200E14D0C /* Products */ = {
			isa = PBXGroup;
			children = (
				24FE503A223154A200E14D0C /* MusicSearcher.app */,
			);
			name = Products;
			sourceTree = "<group>";
		};
		24FE503C223154A200E14D0C /* MusicSearcher */ = {
			isa = PBXGroup;
			children = (
				24FE5050223182DD00E14D0C /* Source */,
				24FE504F223182C400E14D0C /* Design */,
				24FE5044223154A300E14D0C /* Assets.xcassets */,
				24FE5049223154A300E14D0C /* Info.plist */,
			);
			path = MusicSearcher;
			sourceTree = "<group>";
		};
		24FE504F223182C400E14D0C /* Design */ = {
			isa = PBXGroup;
			children = (
				24FE5041223154A200E14D0C /* Main.storyboard */,
				24FE5046223154A300E14D0C /* LaunchScreen.storyboard */,
			);
			name = Design;
			sourceTree = "<group>";
		};
		24FE5050223182DD00E14D0C /* Source */ = {
			isa = PBXGroup;
			children = (
				24FE505F2231A59000E14D0C /* Application */,
				24FE50602231A5D200E14D0C /* Services */,
			);
			name = Source;
			sourceTree = "<group>";
		};
		24FE505F2231A59000E14D0C /* Application */ = {
			isa = PBXGroup;
			children = (
				24FE503D223154A200E14D0C /* AppDelegate.swift */,
				24FE50652231C56C00E14D0C /* MVC */,
				24FE50642231C50600E14D0C /* Extensions */,
			);
			name = Application;
			sourceTree = "<group>";
		};
		24FE50602231A5D200E14D0C /* Services */ = {
			isa = PBXGroup;
			children = (
				24FE50612231A5ED00E14D0C /* Network */,
			);
			name = Services;
			sourceTree = "<group>";
		};
		24FE50612231A5ED00E14D0C /* Network */ = {
			isa = PBXGroup;
			children = (
				24FE50622231BDA400E14D0C /* MSNetworkConstant.swift */,
				24FE506B2231D6E200E14D0C /* MSNetworkable.swift */,
				24FE50682231C79600E14D0C /* MSNetwork.swift */,
				24AC3AB522340A5B00A40045 /* MSNetworkAnalyzer.swift */,
				24AC3AB722340B3A00A40045 /* MSNetworkStatusResponse.swift */,
			);
			name = Network;
			sourceTree = "<group>";
		};
		24FE50642231C50600E14D0C /* Extensions */ = {
			isa = PBXGroup;
			children = (
				24FE50662231C5AB00E14D0C /* MSViewController+UISearchBarDelegate.swift */,
				240AF1E12235366D00B258C1 /* MSItunesTableViewController+MSNetworkable.swift */,
				240AF1E32235378D00B258C1 /* MSLastfmTableViewController+MSNetworkable.swift */,
			);
			name = Extensions;
			sourceTree = "<group>";
		};
		24FE50652231C56C00E14D0C /* MVC */ = {
			isa = PBXGroup;
			children = (
				24AC3ABF22341A7300A40045 /* ViewControllers */,
				24AC3ABE22341A5D00A40045 /* Views */,
				24AC3ABD22341A3A00A40045 /* Models */,
			);
			name = MVC;
			sourceTree = "<group>";
		};
/* End PBXGroup section */

/* Begin PBXNativeTarget section */
		24FE5039223154A100E14D0C /* MusicSearcher */ = {
			isa = PBXNativeTarget;
			buildConfigurationList = 24FE504C223154A300E14D0C /* Build configuration list for PBXNativeTarget "MusicSearcher" */;
			buildPhases = (
				24FE5036223154A100E14D0C /* Sources */,
				24FE5037223154A100E14D0C /* Frameworks */,
				24FE5038223154A100E14D0C /* Resources */,
			);
			buildRules = (
			);
			dependencies = (
			);
			name = MusicSearcher;
			productName = MusicSearcher;
			productReference = 24FE503A223154A200E14D0C /* MusicSearcher.app */;
			productType = "com.apple.product-type.application";
		};
/* End PBXNativeTarget section */

/* Begin PBXProject section */
		24FE5032223154A100E14D0C /* Project object */ = {
			isa = PBXProject;
			attributes = {
				LastSwiftUpdateCheck = 0820;
				LastUpgradeCheck = 0820;
				ORGANIZATIONNAME = VictorVolnukhin;
				TargetAttributes = {
					24FE5039223154A100E14D0C = {
						CreatedOnToolsVersion = 8.2.1;
						ProvisioningStyle = Automatic;
					};
				};
			};
			buildConfigurationList = 24FE5035223154A100E14D0C /* Build configuration list for PBXProject "MusicSearcher" */;
			compatibilityVersion = "Xcode 3.2";
			developmentRegion = English;
			hasScannedForEncodings = 0;
			knownRegions = (
				en,
				Base,
			);
			mainGroup = 24FE5031223154A100E14D0C;
			productRefGroup = 24FE503B223154A200E14D0C /* Products */;
			projectDirPath = "";
			projectRoot = "";
			targets = (
				24FE5039223154A100E14D0C /* MusicSearcher */,
			);
		};
/* End PBXProject section */

/* Begin PBXResourcesBuildPhase section */
		24FE5038223154A100E14D0C /* Resources */ = {
			isa = PBXResourcesBuildPhase;
			buildActionMask = 2147483647;
			files = (
				24FE5048223154A300E14D0C /* LaunchScreen.storyboard in Resources */,
				24FE5045223154A300E14D0C /* Assets.xcassets in Resources */,
				24FE5043223154A300E14D0C /* Main.storyboard in Resources */,
			);
			runOnlyForDeploymentPostprocessing = 0;
		};
/* End PBXResourcesBuildPhase section */

/* Begin PBXSourcesBuildPhase section */
		24FE5036223154A100E14D0C /* Sources */ = {
			isa = PBXSourcesBuildPhase;
			buildActionMask = 2147483647;
			files = (
				24FE505E2231970400E14D0C /* MSLastfmTableViewController.swift in Sources */,
				24FE5040223154A200E14D0C /* MSMainViewController.swift in Sources */,
				24FE50632231BDA400E14D0C /* MSNetworkConstant.swift in Sources */,
				24FE50672231C5AB00E14D0C /* MSViewController+UISearchBarDelegate.swift in Sources */,
				24FE506C2231D6E200E14D0C /* MSNetworkable.swift in Sources */,
				24FE5056223186A900E14D0C /* MSItunesTableViewCell.swift in Sources */,
				240AF1E22235366D00B258C1 /* MSItunesTableViewController+MSNetworkable.swift in Sources */,
				24FE503E223154A200E14D0C /* AppDelegate.swift in Sources */,
				24FE505A2231964100E14D0C /* MSItunesTableViewController.swift in Sources */,
				24FE50692231C79600E14D0C /* MSNetwork.swift in Sources */,
				24AC3AB822340B3A00A40045 /* MSNetworkStatusResponse.swift in Sources */,
				240AF1E42235378D00B258C1 /* MSLastfmTableViewController+MSNetworkable.swift in Sources */,
				24FE5058223186C200E14D0C /* MSLastfmTableViewCell.swift in Sources */,
				24AC3AB622340A5B00A40045 /* MSNetworkAnalyzer.swift in Sources */,
				24AC3ABC22341A3300A40045 /* MSTrack.swift in Sources */,
			);
			runOnlyForDeploymentPostprocessing = 0;
		};
/* End PBXSourcesBuildPhase section */

/* Begin PBXVariantGroup section */
		24FE5041223154A200E14D0C /* Main.storyboard */ = {
			isa = PBXVariantGroup;
			children = (
				24FE5042223154A300E14D0C /* Base */,
			);
			name = Main.storyboard;
			sourceTree = "<group>";
		};
		24FE5046223154A300E14D0C /* LaunchScreen.storyboard */ = {
			isa = PBXVariantGroup;
			children = (
				24FE5047223154A300E14D0C /* Base */,
			);
			name = LaunchScreen.storyboard;
			sourceTree = "<group>";
		};
/* End PBXVariantGroup section */

/* Begin XCBuildConfiguration section */
		24FE504A223154A300E14D0C /* Debug */ = {
			isa = XCBuildConfiguration;
			buildSettings = {
				ALWAYS_SEARCH_USER_PATHS = NO;
				CLANG_ANALYZER_NONNULL = YES;
				CLANG_CXX_LANGUAGE_STANDARD = "gnu++0x";
				CLANG_CXX_LIBRARY = "libc++";
				CLANG_ENABLE_MODULES = YES;
				CLANG_ENABLE_OBJC_ARC = YES;
				CLANG_WARN_BOOL_CONVERSION = YES;
				CLANG_WARN_CONSTANT_CONVERSION = YES;
				CLANG_WARN_DIRECT_OBJC_ISA_USAGE = YES_ERROR;
				CLANG_WARN_DOCUMENTATION_COMMENTS = YES;
				CLANG_WARN_EMPTY_BODY = YES;
				CLANG_WARN_ENUM_CONVERSION = YES;
				CLANG_WARN_INFINITE_RECURSION = YES;
				CLANG_WARN_INT_CONVERSION = YES;
				CLANG_WARN_OBJC_ROOT_CLASS = YES_ERROR;
				CLANG_WARN_SUSPICIOUS_MOVE = YES;
				CLANG_WARN_UNREACHABLE_CODE = YES;
				CLANG_WARN__DUPLICATE_METHOD_MATCH = YES;
				"CODE_SIGN_IDENTITY[sdk=iphoneos*]" = "iPhone Developer";
				COPY_PHASE_STRIP = NO;
				DEBUG_INFORMATION_FORMAT = dwarf;
				ENABLE_STRICT_OBJC_MSGSEND = YES;
				ENABLE_TESTABILITY = YES;
				GCC_C_LANGUAGE_STANDARD = gnu99;
				GCC_DYNAMIC_NO_PIC = NO;
				GCC_NO_COMMON_BLOCKS = YES;
				GCC_OPTIMIZATION_LEVEL = 0;
				GCC_PREPROCESSOR_DEFINITIONS = (
					"DEBUG=1",
					"$(inherited)",
				);
				GCC_WARN_64_TO_32_BIT_CONVERSION = YES;
				GCC_WARN_ABOUT_RETURN_TYPE = YES_ERROR;
				GCC_WARN_UNDECLARED_SELECTOR = YES;
				GCC_WARN_UNINITIALIZED_AUTOS = YES_AGGRESSIVE;
				GCC_WARN_UNUSED_FUNCTION = YES;
				GCC_WARN_UNUSED_VARIABLE = YES;
				IPHONEOS_DEPLOYMENT_TARGET = 10.2;
				MTL_ENABLE_DEBUG_INFO = YES;
				ONLY_ACTIVE_ARCH = YES;
				SDKROOT = iphoneos;
				SWIFT_ACTIVE_COMPILATION_CONDITIONS = DEBUG;
				SWIFT_OPTIMIZATION_LEVEL = "-Onone";
			};
			name = Debug;
		};
		24FE504B223154A300E14D0C /* Release */ = {
			isa = XCBuildConfiguration;
			buildSettings = {
				ALWAYS_SEARCH_USER_PATHS = NO;
				CLANG_ANALYZER_NONNULL = YES;
				CLANG_CXX_LANGUAGE_STANDARD = "gnu++0x";
				CLANG_CXX_LIBRARY = "libc++";
				CLANG_ENABLE_MODULES = YES;
				CLANG_ENABLE_OBJC_ARC = YES;
				CLANG_WARN_BOOL_CONVERSION = YES;
				CLANG_WARN_CONSTANT_CONVERSION = YES;
				CLANG_WARN_DIRECT_OBJC_ISA_USAGE = YES_ERROR;
				CLANG_WARN_DOCUMENTATION_COMMENTS = YES;
				CLANG_WARN_EMPTY_BODY = YES;
				CLANG_WARN_ENUM_CONVERSION = YES;
				CLANG_WARN_INFINITE_RECURSION = YES;
				CLANG_WARN_INT_CONVERSION = YES;
				CLANG_WARN_OBJC_ROOT_CLASS = YES_ERROR;
				CLANG_WARN_SUSPICIOUS_MOVE = YES;
				CLANG_WARN_UNREACHABLE_CODE = YES;
				CLANG_WARN__DUPLICATE_METHOD_MATCH = YES;
				"CODE_SIGN_IDENTITY[sdk=iphoneos*]" = "iPhone Developer";
				COPY_PHASE_STRIP = NO;
				DEBUG_INFORMATION_FORMAT = "dwarf-with-dsym";
				ENABLE_NS_ASSERTIONS = NO;
				ENABLE_STRICT_OBJC_MSGSEND = YES;
				GCC_C_LANGUAGE_STANDARD = gnu99;
				GCC_NO_COMMON_BLOCKS = YES;
				GCC_WARN_64_TO_32_BIT_CONVERSION = YES;
				GCC_WARN_ABOUT_RETURN_TYPE = YES_ERROR;
				GCC_WARN_UNDECLARED_SELECTOR = YES;
				GCC_WARN_UNINITIALIZED_AUTOS = YES_AGGRESSIVE;
				GCC_WARN_UNUSED_FUNCTION = YES;
				GCC_WARN_UNUSED_VARIABLE = YES;
				IPHONEOS_DEPLOYMENT_TARGET = 10.2;
				MTL_ENABLE_DEBUG_INFO = NO;
				SDKROOT = iphoneos;
				SWIFT_OPTIMIZATION_LEVEL = "-Owholemodule";
				VALIDATE_PRODUCT = YES;
			};
			name = Release;
		};
		24FE504D223154A300E14D0C /* Debug */ = {
			isa = XCBuildConfiguration;
			buildSettings = {
				ASSETCATALOG_COMPILER_APPICON_NAME = AppIcon;
				INFOPLIST_FILE = MusicSearcher/Info.plist;
				LD_RUNPATH_SEARCH_PATHS = "$(inherited) @executable_path/Frameworks";
				PRODUCT_BUNDLE_IDENTIFIER = VictorVolnukhin.MusicSearcher;
				PRODUCT_NAME = "$(TARGET_NAME)";
				SWIFT_VERSION = 3.0;
			};
			name = Debug;
		};
		24FE504E223154A300E14D0C /* Release */ = {
			isa = XCBuildConfiguration;
			buildSettings = {
				ASSETCATALOG_COMPILER_APPICON_NAME = AppIcon;
				INFOPLIST_FILE = MusicSearcher/Info.plist;
				LD_RUNPATH_SEARCH_PATHS = "$(inherited) @executable_path/Frameworks";
				PRODUCT_BUNDLE_IDENTIFIER = VictorVolnukhin.MusicSearcher;
				PRODUCT_NAME = "$(TARGET_NAME)";
				SWIFT_VERSION = 3.0;
			};
			name = Release;
		};
/* End XCBuildConfiguration section */

/* Begin XCConfigurationList section */
		24FE5035223154A100E14D0C /* Build configuration list for PBXProject "MusicSearcher" */ = {
			isa = XCConfigurationList;
			buildConfigurations = (
				24FE504A223154A300E14D0C /* Debug */,
				24FE504B223154A300E14D0C /* Release */,
			);
			defaultConfigurationIsVisible = 0;
			defaultConfigurationName = Release;
		};
		24FE504C223154A300E14D0C /* Build configuration list for PBXNativeTarget "MusicSearcher" */ = {
			isa = XCConfigurationList;
			buildConfigurations = (
				24FE504D223154A300E14D0C /* Debug */,
				24FE504E223154A300E14D0C /* Release */,
			);
			defaultConfigurationIsVisible = 0;
			defaultConfigurationName = Release;
		};
/* End XCConfigurationList section */
	};
	rootObject = 24FE5032223154A100E14D0C /* Project object */;
}
